
Microsoft Visual Studio Solution File, Format Version 12.00
# Visual Studio Version 16
VisualStudioVersion = 16.0.32228.343
MinimumVisualStudioVersion = 10.0.40219.1
Project("{8BC9CEB8-8B4A-11D0-8D11-00A0C91BC942}") = "decipherText", "decipherText.vcxproj", "{F27D9896-D89A-46E8-A305-AB656EA861A6}"
EndProject
Global
	GlobalSection(SolutionConfigurationPlatforms) = preSolution
		Debug|x64 = Debug|x64
		Debug|x86 = Debug|x86
		Release|x64 = Release|x64
		Release|x86 = Release|x86
	EndGlobalSection
	GlobalSection(ProjectConfigurationPlatforms) = postSolution
		{F27D9896-D89A-46E8-A305-AB656EA861A6}.Debug|x64.ActiveCfg = Debug|x64
		{F27D9896-D89A-46E8-A305-AB656EA861A6}.Debug|x64.Build.0 = Debug|x64
		{F27D9896-D89A-46E8-A305-AB656EA861A6}.Debug|x86.ActiveCfg = Debug|Win32
		{F27D9896-D89A-46E8-A305-AB656EA861A6}.Debug|x86.Build.0 = Debug|Win32
		{F27D9896-D89A-46E8-A305-AB656EA861A6}.Release|x64.ActiveCfg = Release|x64
		{F27D9896-D89A-46E8-A305-AB656EA861A6}.Release|x64.Build.0 = Release|x64
		{F27D9896-D89A-46E8-A305-AB656EA861A6}.Release|x86.ActiveCfg = Release|Win32
		{F27D9896-D89A-46E8-A305-AB656EA861A6}.Release|x86.Build.0 = Release|Win32
	EndGlobalSection
	GlobalSection(SolutionProperties) = preSolution
		HideSolutionNode = FALSE
	EndGlobalSection
	GlobalSection(ExtensibilityGlobals) = postSolution
		SolutionGuid = {B1E7AF50-0950-40B1-8101-76DC9C1F8DCC}
	EndGlobalSection
EndGlobal
